
Microsoft Visual Studio Solution File, Format Version 12.00
Project("{FAE04EC0-301F-11D3-BF4B-00C04F79EFBC}") = "YukiChan", "src\YukiChan\YukiChan.csproj", "{278D0BFB-5B10-4091-B9FC-A6E7E49760AD}"
EndProject
Project("{FAE04EC0-301F-11D3-BF4B-00C04F79EFBC}") = "Flandre.Core", "deps\Flandre\src\Flandre.Core\Flandre.Core.csproj", "{84EFF6C7-751D-4BD7-B5BD-36AE43B4B616}"
EndProject
Project("{FAE04EC0-301F-11D3-BF4B-00C04F79EFBC}") = "Flandre.Adapters.OneBot", "deps\Flandre\src\Flandre.Adapters.OneBot\Flandre.Adapters.OneBot.csproj", "{94C42D30-EE5A-492F-9899-E385771B2D88}"
EndProject
Project("{FAE04EC0-301F-11D3-BF4B-00C04F79EFBC}") = "YukiChan.Tools", "src\YukiChan.Tools\YukiChan.Tools.csproj", "{3F544FC5-C028-43F0-8348-CC454AAB6510}"
EndProject
Project("{FAE04EC0-301F-11D3-BF4B-00C04F79EFBC}") = "Flandre.Framework", "deps\Flandre\src\Flandre.Framework\Flandre.Framework.csproj", "{E0E16F8D-7E6D-4E98-97AF-31A0FE5700DD}"
EndProject
Project("{FAE04EC0-301F-11D3-BF4B-00C04F79EFBC}") = "YukiChan.ImageGen", "src\YukiChan.ImageGen\YukiChan.ImageGen.csproj", "{B4332434-7BC6-4840-BCD2-C0F4F8F1ADD7}"
EndProject
Project("{FAE04EC0-301F-11D3-BF4B-00C04F79EFBC}") = "YukiChan.Server", "server\YukiChan.Server\YukiChan.Server.csproj", "{8EB97169-ED65-4FDC-9B1D-5C2F81F053EB}"
EndProject
Project("{FAE04EC0-301F-11D3-BF4B-00C04F79EFBC}") = "YukiChan.Shared.Data", "src\YukiChan.Shared.Data\YukiChan.Shared.Data.csproj", "{9CE3A18A-BBB8-46C9-90F3-D14F0A8A797A}"
EndProject
Project("{FAE04EC0-301F-11D3-BF4B-00C04F79EFBC}") = "YukiChan.Shared.Models", "src\YukiChan.Shared.Models\YukiChan.Shared.Models.csproj", "{E45E89A3-86D9-486E-91B6-038CD1ECD1C5}"
EndProject
Project("{FAE04EC0-301F-11D3-BF4B-00C04F79EFBC}") = "YukiChan.Shared.Utils", "src\YukiChan.Shared.Utils\YukiChan.Shared.Utils.csproj", "{332C0FE9-A4CF-413C-AA0B-EADB03107E1A}"
EndProject
Project("{FAE04EC0-301F-11D3-BF4B-00C04F79EFBC}") = "YukiChan.Core", "src\YukiChan.Core\YukiChan.Core.csproj", "{99ECC76F-96CE-4D4B-8C96-BD5CAB418194}"
EndProject
Project("{FAE04EC0-301F-11D3-BF4B-00C04F79EFBC}") = "YukiChan.Shared.Data.Console", "src\YukiChan.Shared.Data.Console\YukiChan.Shared.Data.Console.csproj", "{834BFBAF-6397-4B84-AD64-B35FBF081508}"
EndProject
Project("{FAE04EC0-301F-11D3-BF4B-00C04F79EFBC}") = "YukiChan.Client.Console", "src\YukiChan.Client.Console\YukiChan.Client.Console.csproj", "{16CF94FE-013C-46FF-9F1B-BC2011AD8400}"
EndProject
Global
	GlobalSection(SolutionConfigurationPlatforms) = preSolution
		Debug|Any CPU = Debug|Any CPU
		Release|Any CPU = Release|Any CPU
	EndGlobalSection
	GlobalSection(ProjectConfigurationPlatforms) = postSolution
		{278D0BFB-5B10-4091-B9FC-A6E7E49760AD}.Debug|Any CPU.ActiveCfg = Release|Any CPU
		{278D0BFB-5B10-4091-B9FC-A6E7E49760AD}.Debug|Any CPU.Build.0 = Release|Any CPU
		{278D0BFB-5B10-4091-B9FC-A6E7E49760AD}.Debug|Any CPU.Deploy.0 = Release|Any CPU
		{278D0BFB-5B10-4091-B9FC-A6E7E49760AD}.Release|Any CPU.ActiveCfg = Release|Any CPU
		{278D0BFB-5B10-4091-B9FC-A6E7E49760AD}.Release|Any CPU.Build.0 = Release|Any CPU
		{278D0BFB-5B10-4091-B9FC-A6E7E49760AD}.Release|Any CPU.Deploy.0 = Release|Any CPU
		{84EFF6C7-751D-4BD7-B5BD-36AE43B4B616}.Debug|Any CPU.ActiveCfg = Debug|Any CPU
		{84EFF6C7-751D-4BD7-B5BD-36AE43B4B616}.Debug|Any CPU.Build.0 = Debug|Any CPU
		{84EFF6C7-751D-4BD7-B5BD-36AE43B4B616}.Release|Any CPU.ActiveCfg = Release|Any CPU
		{84EFF6C7-751D-4BD7-B5BD-36AE43B4B616}.Release|Any CPU.Build.0 = Release|Any CPU
		{94C42D30-EE5A-492F-9899-E385771B2D88}.Debug|Any CPU.ActiveCfg = Debug|Any CPU
		{94C42D30-EE5A-492F-9899-E385771B2D88}.Debug|Any CPU.Build.0 = Debug|Any CPU
		{94C42D30-EE5A-492F-9899-E385771B2D88}.Release|Any CPU.ActiveCfg = Release|Any CPU
		{94C42D30-EE5A-492F-9899-E385771B2D88}.Release|Any CPU.Build.0 = Release|Any CPU
		{3F544FC5-C028-43F0-8348-CC454AAB6510}.Debug|Any CPU.ActiveCfg = Debug|Any CPU
		{3F544FC5-C028-43F0-8348-CC454AAB6510}.Debug|Any CPU.Build.0 = Debug|Any CPU
		{3F544FC5-C028-43F0-8348-CC454AAB6510}.Release|Any CPU.ActiveCfg = Release|Any CPU
		{3F544FC5-C028-43F0-8348-CC454AAB6510}.Release|Any CPU.Build.0 = Release|Any CPU
		{E0E16F8D-7E6D-4E98-97AF-31A0FE5700DD}.Debug|Any CPU.ActiveCfg = Debug|Any CPU
		{E0E16F8D-7E6D-4E98-97AF-31A0FE5700DD}.Debug|Any CPU.Build.0 = Debug|Any CPU
		{E0E16F8D-7E6D-4E98-97AF-31A0FE5700DD}.Release|Any CPU.ActiveCfg = Release|Any CPU
		{E0E16F8D-7E6D-4E98-97AF-31A0FE5700DD}.Release|Any CPU.Build.0 = Release|Any CPU
		{B4332434-7BC6-4840-BCD2-C0F4F8F1ADD7}.Debug|Any CPU.ActiveCfg = Debug|Any CPU
		{B4332434-7BC6-4840-BCD2-C0F4F8F1ADD7}.Debug|Any CPU.Build.0 = Debug|Any CPU
		{B4332434-7BC6-4840-BCD2-C0F4F8F1ADD7}.Release|Any CPU.ActiveCfg = Release|Any CPU
		{B4332434-7BC6-4840-BCD2-C0F4F8F1ADD7}.Release|Any CPU.Build.0 = Release|Any CPU
		{8EB97169-ED65-4FDC-9B1D-5C2F81F053EB}.Debug|Any CPU.ActiveCfg = Debug|Any CPU
		{8EB97169-ED65-4FDC-9B1D-5C2F81F053EB}.Debug|Any CPU.Build.0 = Debug|Any CPU
		{8EB97169-ED65-4FDC-9B1D-5C2F81F053EB}.Release|Any CPU.ActiveCfg = Release|Any CPU
		{8EB97169-ED65-4FDC-9B1D-5C2F81F053EB}.Release|Any CPU.Build.0 = Release|Any CPU
		{9CE3A18A-BBB8-46C9-90F3-D14F0A8A797A}.Debug|Any CPU.ActiveCfg = Debug|Any CPU
		{9CE3A18A-BBB8-46C9-90F3-D14F0A8A797A}.Debug|Any CPU.Build.0 = Debug|Any CPU
		{9CE3A18A-BBB8-46C9-90F3-D14F0A8A797A}.Release|Any CPU.ActiveCfg = Release|Any CPU
		{9CE3A18A-BBB8-46C9-90F3-D14F0A8A797A}.Release|Any CPU.Build.0 = Release|Any CPU
		{E45E89A3-86D9-486E-91B6-038CD1ECD1C5}.Debug|Any CPU.ActiveCfg = Debug|Any CPU
		{E45E89A3-86D9-486E-91B6-038CD1ECD1C5}.Debug|Any CPU.Build.0 = Debug|Any CPU
		{E45E89A3-86D9-486E-91B6-038CD1ECD1C5}.Release|Any CPU.ActiveCfg = Release|Any CPU
		{E45E89A3-86D9-486E-91B6-038CD1ECD1C5}.Release|Any CPU.Build.0 = Release|Any CPU
		{332C0FE9-A4CF-413C-AA0B-EADB03107E1A}.Debug|Any CPU.ActiveCfg = Debug|Any CPU
		{332C0FE9-A4CF-413C-AA0B-EADB03107E1A}.Debug|Any CPU.Build.0 = Debug|Any CPU
		{332C0FE9-A4CF-413C-AA0B-EADB03107E1A}.Release|Any CPU.ActiveCfg = Release|Any CPU
		{332C0FE9-A4CF-413C-AA0B-EADB03107E1A}.Release|Any CPU.Build.0 = Release|Any CPU
		{99ECC76F-96CE-4D4B-8C96-BD5CAB418194}.Debug|Any CPU.ActiveCfg = Debug|Any CPU
		{99ECC76F-96CE-4D4B-8C96-BD5CAB418194}.Debug|Any CPU.Build.0 = Debug|Any CPU
		{99ECC76F-96CE-4D4B-8C96-BD5CAB418194}.Release|Any CPU.ActiveCfg = Release|Any CPU
		{99ECC76F-96CE-4D4B-8C96-BD5CAB418194}.Release|Any CPU.Build.0 = Release|Any CPU
		{834BFBAF-6397-4B84-AD64-B35FBF081508}.Debug|Any CPU.ActiveCfg = Debug|Any CPU
		{834BFBAF-6397-4B84-AD64-B35FBF081508}.Debug|Any CPU.Build.0 = Debug|Any CPU
		{834BFBAF-6397-4B84-AD64-B35FBF081508}.Release|Any CPU.ActiveCfg = Release|Any CPU
		{834BFBAF-6397-4B84-AD64-B35FBF081508}.Release|Any CPU.Build.0 = Release|Any CPU
		{16CF94FE-013C-46FF-9F1B-BC2011AD8400}.Debug|Any CPU.ActiveCfg = Debug|Any CPU
		{16CF94FE-013C-46FF-9F1B-BC2011AD8400}.Debug|Any CPU.Build.0 = Debug|Any CPU
		{16CF94FE-013C-46FF-9F1B-BC2011AD8400}.Release|Any CPU.ActiveCfg = Release|Any CPU
		{16CF94FE-013C-46FF-9F1B-BC2011AD8400}.Release|Any CPU.Build.0 = Release|Any CPU
	EndGlobalSection
EndGlobal
