
Microsoft Visual Studio Solution File, Format Version 12.00
Project("{FAE04EC0-301F-11D3-BF4B-00C04F79EFBC}") = "YukiChan", "src\YukiChan\YukiChan.csproj", "{278D0BFB-5B10-4091-B9FC-A6E7E49760AD}"
EndProject
Project("{FAE04EC0-301F-11D3-BF4B-00C04F79EFBC}") = "Flandre.Core", "deps\Flandre\src\Flandre.Core\Flandre.Core.csproj", "{84EFF6C7-751D-4BD7-B5BD-36AE43B4B616}"
EndProject
Project("{FAE04EC0-301F-11D3-BF4B-00C04F79EFBC}") = "Flandre.Adapters.OneBot", "deps\Flandre\src\Flandre.Adapters.OneBot\Flandre.Adapters.OneBot.csproj", "{94C42D30-EE5A-492F-9899-E385771B2D88}"
EndProject
Project("{FAE04EC0-301F-11D3-BF4B-00C04F79EFBC}") = "YukiChan.Tools", "src\YukiChan.Tools\YukiChan.Tools.csproj", "{3F544FC5-C028-43F0-8348-CC454AAB6510}"
EndProject
Project("{FAE04EC0-301F-11D3-BF4B-00C04F79EFBC}") = "Flandre.Framework", "deps\Flandre\src\Flandre.Framework\Flandre.Framework.csproj", "{E0E16F8D-7E6D-4E98-97AF-31A0FE5700DD}"
EndProject
Project("{FAE04EC0-301F-11D3-BF4B-00C04F79EFBC}") = "YukiChan.Shared", "src\YukiChan.Shared\YukiChan.Shared.csproj", "{B11ADF0F-14B9-4446-85ED-6AEF3A81AF29}"
EndProject
Project("{FAE04EC0-301F-11D3-BF4B-00C04F79EFBC}") = "YukiChan.ImageGen", "src\YukiChan.ImageGen\YukiChan.ImageGen.csproj", "{B4332434-7BC6-4840-BCD2-C0F4F8F1ADD7}"
EndProject
Project("{FAE04EC0-301F-11D3-BF4B-00C04F79EFBC}") = "YukiChan.Tests", "tests\YukiChan.Tests\YukiChan.Tests.csproj", "{D99A8232-536E-4698-BFCA-51F4D7E53BDC}"
EndProject
Global
	GlobalSection(SolutionConfigurationPlatforms) = preSolution
		Debug|Any CPU = Debug|Any CPU
		Release|Any CPU = Release|Any CPU
	EndGlobalSection
	GlobalSection(ProjectConfigurationPlatforms) = postSolution
		{278D0BFB-5B10-4091-B9FC-A6E7E49760AD}.Debug|Any CPU.ActiveCfg = Release|Any CPU
		{278D0BFB-5B10-4091-B9FC-A6E7E49760AD}.Debug|Any CPU.Build.0 = Release|Any CPU
		{278D0BFB-5B10-4091-B9FC-A6E7E49760AD}.Debug|Any CPU.Deploy.0 = Release|Any CPU
		{278D0BFB-5B10-4091-B9FC-A6E7E49760AD}.Release|Any CPU.ActiveCfg = Release|Any CPU
		{278D0BFB-5B10-4091-B9FC-A6E7E49760AD}.Release|Any CPU.Build.0 = Release|Any CPU
		{278D0BFB-5B10-4091-B9FC-A6E7E49760AD}.Release|Any CPU.Deploy.0 = Release|Any CPU
		{84EFF6C7-751D-4BD7-B5BD-36AE43B4B616}.Debug|Any CPU.ActiveCfg = Debug|Any CPU
		{84EFF6C7-751D-4BD7-B5BD-36AE43B4B616}.Debug|Any CPU.Build.0 = Debug|Any CPU
		{84EFF6C7-751D-4BD7-B5BD-36AE43B4B616}.Release|Any CPU.ActiveCfg = Release|Any CPU
		{84EFF6C7-751D-4BD7-B5BD-36AE43B4B616}.Release|Any CPU.Build.0 = Release|Any CPU
		{94C42D30-EE5A-492F-9899-E385771B2D88}.Debug|Any CPU.ActiveCfg = Debug|Any CPU
		{94C42D30-EE5A-492F-9899-E385771B2D88}.Debug|Any CPU.Build.0 = Debug|Any CPU
		{94C42D30-EE5A-492F-9899-E385771B2D88}.Release|Any CPU.ActiveCfg = Release|Any CPU
		{94C42D30-EE5A-492F-9899-E385771B2D88}.Release|Any CPU.Build.0 = Release|Any CPU
		{3F544FC5-C028-43F0-8348-CC454AAB6510}.Debug|Any CPU.ActiveCfg = Debug|Any CPU
		{3F544FC5-C028-43F0-8348-CC454AAB6510}.Debug|Any CPU.Build.0 = Debug|Any CPU
		{3F544FC5-C028-43F0-8348-CC454AAB6510}.Release|Any CPU.ActiveCfg = Release|Any CPU
		{3F544FC5-C028-43F0-8348-CC454AAB6510}.Release|Any CPU.Build.0 = Release|Any CPU
		{E0E16F8D-7E6D-4E98-97AF-31A0FE5700DD}.Debug|Any CPU.ActiveCfg = Debug|Any CPU
		{E0E16F8D-7E6D-4E98-97AF-31A0FE5700DD}.Debug|Any CPU.Build.0 = Debug|Any CPU
		{E0E16F8D-7E6D-4E98-97AF-31A0FE5700DD}.Release|Any CPU.ActiveCfg = Release|Any CPU
		{E0E16F8D-7E6D-4E98-97AF-31A0FE5700DD}.Release|Any CPU.Build.0 = Release|Any CPU
		{B11ADF0F-14B9-4446-85ED-6AEF3A81AF29}.Debug|Any CPU.ActiveCfg = Debug|Any CPU
		{B11ADF0F-14B9-4446-85ED-6AEF3A81AF29}.Debug|Any CPU.Build.0 = Debug|Any CPU
		{B11ADF0F-14B9-4446-85ED-6AEF3A81AF29}.Release|Any CPU.ActiveCfg = Release|Any CPU
		{B11ADF0F-14B9-4446-85ED-6AEF3A81AF29}.Release|Any CPU.Build.0 = Release|Any CPU
		{B4332434-7BC6-4840-BCD2-C0F4F8F1ADD7}.Debug|Any CPU.ActiveCfg = Debug|Any CPU
		{B4332434-7BC6-4840-BCD2-C0F4F8F1ADD7}.Debug|Any CPU.Build.0 = Debug|Any CPU
		{B4332434-7BC6-4840-BCD2-C0F4F8F1ADD7}.Release|Any CPU.ActiveCfg = Release|Any CPU
		{B4332434-7BC6-4840-BCD2-C0F4F8F1ADD7}.Release|Any CPU.Build.0 = Release|Any CPU
		{D99A8232-536E-4698-BFCA-51F4D7E53BDC}.Debug|Any CPU.ActiveCfg = Debug|Any CPU
		{D99A8232-536E-4698-BFCA-51F4D7E53BDC}.Debug|Any CPU.Build.0 = Debug|Any CPU
		{D99A8232-536E-4698-BFCA-51F4D7E53BDC}.Release|Any CPU.ActiveCfg = Release|Any CPU
		{D99A8232-536E-4698-BFCA-51F4D7E53BDC}.Release|Any CPU.Build.0 = Release|Any CPU
	EndGlobalSection
EndGlobal
